
Microsoft Visual Studio Solution File, Format Version 12.00
# Visual Studio 15
VisualStudioVersion = 15.0.27421.1
MinimumVisualStudioVersion = 10.0.40219.1
Project("{FAE04EC0-301F-11D3-BF4B-00C04F79EFBC}") = "PhotoGallery.WPF", "PhotoGallery.WPF\PhotoGallery.WPF.csproj", "{B5DD261B-1582-4B37-B2DC-06C0C0BD8A9A}"
EndProject
Global
	GlobalSection(SolutionConfigurationPlatforms) = preSolution
		Debug|Any CPU = Debug|Any CPU
		Release|Any CPU = Release|Any CPU
	EndGlobalSection
	GlobalSection(ProjectConfigurationPlatforms) = postSolution
		{B5DD261B-1582-4B37-B2DC-06C0C0BD8A9A}.Debug|Any CPU.ActiveCfg = Debug|Any CPU
		{B5DD261B-1582-4B37-B2DC-06C0C0BD8A9A}.Debug|Any CPU.Build.0 = Debug|Any CPU
		{B5DD261B-1582-4B37-B2DC-06C0C0BD8A9A}.Release|Any CPU.ActiveCfg = Release|Any CPU
		{B5DD261B-1582-4B37-B2DC-06C0C0BD8A9A}.Release|Any CPU.Build.0 = Release|Any CPU
	EndGlobalSection
	GlobalSection(SolutionProperties) = preSolution
		HideSolutionNode = FALSE
	EndGlobalSection
	GlobalSection(ExtensibilityGlobals) = postSolution
		SolutionGuid = {1022C3D3-FDCC-48C2-819B-BBD04D7DC298}
	EndGlobalSection
EndGlobal
